
Microsoft Visual Studio Solution File, Format Version 11.00
# Visual Studio 2010
Project("{FAE04EC0-301F-11D3-BF4B-00C04F79EFBC}") = "Assembly-CSharp", "Assembly-CSharp.csproj", "{CC853108-CBF5-FBBD-20F3-83F9774F02D5}"
EndProject
Project("{FAE04EC0-301F-11D3-BF4B-00C04F79EFBC}") = "Assembly-CSharp-Editor", "Assembly-CSharp-Editor.csproj", "{6ACAA245-239F-E9D8-704A-764782E40EA2}"
EndProject
Global
	GlobalSection(SolutionConfigurationPlatforms) = preSolution
		Debug|Any CPU = Debug|Any CPU
		Release|Any CPU = Release|Any CPU
	EndGlobalSection
	GlobalSection(ProjectConfigurationPlatforms) = postSolution
		{CC853108-CBF5-FBBD-20F3-83F9774F02D5}.Debug|Any CPU.ActiveCfg = Debug|Any CPU
		{CC853108-CBF5-FBBD-20F3-83F9774F02D5}.Debug|Any CPU.Build.0 = Debug|Any CPU
		{CC853108-CBF5-FBBD-20F3-83F9774F02D5}.Release|Any CPU.ActiveCfg = Release|Any CPU
		{CC853108-CBF5-FBBD-20F3-83F9774F02D5}.Release|Any CPU.Build.0 = Release|Any CPU
		{6ACAA245-239F-E9D8-704A-764782E40EA2}.Debug|Any CPU.ActiveCfg = Debug|Any CPU
		{6ACAA245-239F-E9D8-704A-764782E40EA2}.Debug|Any CPU.Build.0 = Debug|Any CPU
		{6ACAA245-239F-E9D8-704A-764782E40EA2}.Release|Any CPU.ActiveCfg = Release|Any CPU
		{6ACAA245-239F-E9D8-704A-764782E40EA2}.Release|Any CPU.Build.0 = Release|Any CPU
	EndGlobalSection
	GlobalSection(SolutionProperties) = preSolution
		HideSolutionNode = FALSE
	EndGlobalSection
EndGlobal
